
Microsoft Visual Studio Solution File, Format Version 12.00
# Visual Studio Version 17
VisualStudioVersion = 17.10.35122.118
MinimumVisualStudioVersion = 10.0.40219.1
Project("{FAE04EC0-301F-11D3-BF4B-00C04F79EFBC}") = "MidMonthly08", "MidMonthly08.csproj", "{53ECF1BF-6C6A-4D48-9107-D8BD4EA872B4}"
EndProject
Global
	GlobalSection(SolutionConfigurationPlatforms) = preSolution
		Debug|Any CPU = Debug|Any CPU
		Release|Any CPU = Release|Any CPU
	EndGlobalSection
	GlobalSection(ProjectConfigurationPlatforms) = postSolution
		{53ECF1BF-6C6A-4D48-9107-D8BD4EA872B4}.Debug|Any CPU.ActiveCfg = Debug|Any CPU
		{53ECF1BF-6C6A-4D48-9107-D8BD4EA872B4}.Debug|Any CPU.Build.0 = Debug|Any CPU
		{53ECF1BF-6C6A-4D48-9107-D8BD4EA872B4}.Release|Any CPU.ActiveCfg = Release|Any CPU
		{53ECF1BF-6C6A-4D48-9107-D8BD4EA872B4}.Release|Any CPU.Build.0 = Release|Any CPU
	EndGlobalSection
	GlobalSection(SolutionProperties) = preSolution
		HideSolutionNode = FALSE
	EndGlobalSection
	GlobalSection(ExtensibilityGlobals) = postSolution
		SolutionGuid = {A8D765E7-3130-485F-80B3-F4BA9E28A4A4}
	EndGlobalSection
EndGlobal
